
Microsoft Visual Studio Solution File, Format Version 12.00
# Visual Studio Version 17
VisualStudioVersion = 17.14.36603.0 d17.14
MinimumVisualStudioVersion = 10.0.40219.1
Project("{FAE04EC0-301F-11D3-BF4B-00C04F79EFBC}") = "fantasyleague", "fantasyleague\fantasyleague.csproj", "{091537B1-475F-486C-BFE9-9B2ACCBAEA4A}"
EndProject
Global
	GlobalSection(SolutionConfigurationPlatforms) = preSolution
		Debug|Any CPU = Debug|Any CPU
		Release|Any CPU = Release|Any CPU
	EndGlobalSection
	GlobalSection(ProjectConfigurationPlatforms) = postSolution
		{091537B1-475F-486C-BFE9-9B2ACCBAEA4A}.Debug|Any CPU.ActiveCfg = Debug|Any CPU
		{091537B1-475F-486C-BFE9-9B2ACCBAEA4A}.Debug|Any CPU.Build.0 = Debug|Any CPU
		{091537B1-475F-486C-BFE9-9B2ACCBAEA4A}.Release|Any CPU.ActiveCfg = Release|Any CPU
		{091537B1-475F-486C-BFE9-9B2ACCBAEA4A}.Release|Any CPU.Build.0 = Release|Any CPU
	EndGlobalSection
	GlobalSection(SolutionProperties) = preSolution
		HideSolutionNode = FALSE
	EndGlobalSection
	GlobalSection(ExtensibilityGlobals) = postSolution
		SolutionGuid = {ECDDCD06-D4CA-41A9-ACC5-27621C544689}
	EndGlobalSection
EndGlobal
